
Microsoft Visual Studio Solution File, Format Version 12.00
# Visual Studio Version 16
VisualStudioVersion = 16.0.30011.22
MinimumVisualStudioVersion = 10.0.40219.1
Project("{FAE04EC0-301F-11D3-BF4B-00C04F79EFBC}") = "AutoInjection.Hzk", "AutoInjection.Hzk\AutoInjection.Hzk.csproj", "{8E306503-C704-432B-A06C-BC124B0E7618}"
EndProject
Project("{FAE04EC0-301F-11D3-BF4B-00C04F79EFBC}") = "IService", "IService\IService.csproj", "{A996766D-6357-442B-BC39-79BBB6352CAF}"
EndProject
Project("{FAE04EC0-301F-11D3-BF4B-00C04F79EFBC}") = "Service", "Service\Service.csproj", "{78E1D371-A5E9-4DEC-87D4-C25DC0AB9308}"
EndProject
Project("{FAE04EC0-301F-11D3-BF4B-00C04F79EFBC}") = "Common", "Common\Common.csproj", "{9405A78C-1EFD-47C1-BE58-AC586FEE71C6}"
EndProject
Project("{FAE04EC0-301F-11D3-BF4B-00C04F79EFBC}") = "Entity", "Entity\Entity.csproj", "{5E5EFC5F-5564-45B7-A48B-87E146AF4B50}"
EndProject
Global
	GlobalSection(SolutionConfigurationPlatforms) = preSolution
		Debug|Any CPU = Debug|Any CPU
		Release|Any CPU = Release|Any CPU
	EndGlobalSection
	GlobalSection(ProjectConfigurationPlatforms) = postSolution
		{8E306503-C704-432B-A06C-BC124B0E7618}.Debug|Any CPU.ActiveCfg = Debug|Any CPU
		{8E306503-C704-432B-A06C-BC124B0E7618}.Debug|Any CPU.Build.0 = Debug|Any CPU
		{8E306503-C704-432B-A06C-BC124B0E7618}.Release|Any CPU.ActiveCfg = Release|Any CPU
		{8E306503-C704-432B-A06C-BC124B0E7618}.Release|Any CPU.Build.0 = Release|Any CPU
		{A996766D-6357-442B-BC39-79BBB6352CAF}.Debug|Any CPU.ActiveCfg = Debug|Any CPU
		{A996766D-6357-442B-BC39-79BBB6352CAF}.Debug|Any CPU.Build.0 = Debug|Any CPU
		{A996766D-6357-442B-BC39-79BBB6352CAF}.Release|Any CPU.ActiveCfg = Release|Any CPU
		{A996766D-6357-442B-BC39-79BBB6352CAF}.Release|Any CPU.Build.0 = Release|Any CPU
		{78E1D371-A5E9-4DEC-87D4-C25DC0AB9308}.Debug|Any CPU.ActiveCfg = Debug|Any CPU
		{78E1D371-A5E9-4DEC-87D4-C25DC0AB9308}.Debug|Any CPU.Build.0 = Debug|Any CPU
		{78E1D371-A5E9-4DEC-87D4-C25DC0AB9308}.Release|Any CPU.ActiveCfg = Release|Any CPU
		{78E1D371-A5E9-4DEC-87D4-C25DC0AB9308}.Release|Any CPU.Build.0 = Release|Any CPU
		{9405A78C-1EFD-47C1-BE58-AC586FEE71C6}.Debug|Any CPU.ActiveCfg = Debug|Any CPU
		{9405A78C-1EFD-47C1-BE58-AC586FEE71C6}.Debug|Any CPU.Build.0 = Debug|Any CPU
		{9405A78C-1EFD-47C1-BE58-AC586FEE71C6}.Release|Any CPU.ActiveCfg = Release|Any CPU
		{9405A78C-1EFD-47C1-BE58-AC586FEE71C6}.Release|Any CPU.Build.0 = Release|Any CPU
		{5E5EFC5F-5564-45B7-A48B-87E146AF4B50}.Debug|Any CPU.ActiveCfg = Debug|Any CPU
		{5E5EFC5F-5564-45B7-A48B-87E146AF4B50}.Debug|Any CPU.Build.0 = Debug|Any CPU
		{5E5EFC5F-5564-45B7-A48B-87E146AF4B50}.Release|Any CPU.ActiveCfg = Release|Any CPU
		{5E5EFC5F-5564-45B7-A48B-87E146AF4B50}.Release|Any CPU.Build.0 = Release|Any CPU
	EndGlobalSection
	GlobalSection(SolutionProperties) = preSolution
		HideSolutionNode = FALSE
	EndGlobalSection
	GlobalSection(ExtensibilityGlobals) = postSolution
		SolutionGuid = {22DA17C0-D6E6-432E-BA01-04E381ADC3A1}
	EndGlobalSection
EndGlobal
